// !$*UTF8*$!
{
	archiveVersion = 1;
	classes = {
	};
	objectVersion = 56;
	objects = {

/* Begin PBXBuildFile section */
		E539C1BB2BA5B8A100086ACE /* UIColor+Extension.swift in Sources */ = {isa = PBXBuildFile; fileRef = E539C1BA2BA5B8A100086ACE /* UIColor+Extension.swift */; };
		E539C1BD2BA5B9DB00086ACE /* AppColors.swift in Sources */ = {isa = PBXBuildFile; fileRef = E539C1BC2BA5B9DB00086ACE /* AppColors.swift */; };
		E539C1C22BA5CDB100086ACE /* Coordinator .swift in Sources */ = {isa = PBXBuildFile; fileRef = E539C1C12BA5CDB100086ACE /* Coordinator .swift */; };
		E539C1C42BA5DDEA00086ACE /* AppCoordinator.swift in Sources */ = {isa = PBXBuildFile; fileRef = E539C1C32BA5DDE900086ACE /* AppCoordinator.swift */; };
		E539C1C62BA5DE9300086ACE /* OnboardingCoordinator.swift in Sources */ = {isa = PBXBuildFile; fileRef = E539C1C52BA5DE9300086ACE /* OnboardingCoordinator.swift */; };
		E539C1C82BA5E1F600086ACE /* HomeCoordinator.swift in Sources */ = {isa = PBXBuildFile; fileRef = E539C1C72BA5E1F600086ACE /* HomeCoordinator.swift */; };
		E539C1CA2BA5E23E00086ACE /* OrderCoordinator.swift in Sources */ = {isa = PBXBuildFile; fileRef = E539C1C92BA5E23E00086ACE /* OrderCoordinator.swift */; };
		E539C1CC2BA5E29A00086ACE /* ListCoordinator.swift in Sources */ = {isa = PBXBuildFile; fileRef = E539C1CB2BA5E29A00086ACE /* ListCoordinator.swift */; };
		E539C1CE2BA5E2CA00086ACE /* ProfileCoordinator.swift in Sources */ = {isa = PBXBuildFile; fileRef = E539C1CD2BA5E2CA00086ACE /* ProfileCoordinator.swift */; };
		E539C1D02BA5E2F600086ACE /* TabBarController.swift in Sources */ = {isa = PBXBuildFile; fileRef = E539C1CF2BA5E2F600086ACE /* TabBarController.swift */; };
		E5A8C5032B6E3AE5002308AB /* AppDelegate.swift in Sources */ = {isa = PBXBuildFile; fileRef = E5A8C5022B6E3AE5002308AB /* AppDelegate.swift */; };
		E5A8C5052B6E3AE5002308AB /* SceneDelegate.swift in Sources */ = {isa = PBXBuildFile; fileRef = E5A8C5042B6E3AE5002308AB /* SceneDelegate.swift */; };
		E5A8C5072B6E3AE5002308AB /* ViewController.swift in Sources */ = {isa = PBXBuildFile; fileRef = E5A8C5062B6E3AE5002308AB /* ViewController.swift */; };
		E5A8C50C2B6E3AE6002308AB /* Assets.xcassets in Resources */ = {isa = PBXBuildFile; fileRef = E5A8C50B2B6E3AE6002308AB /* Assets.xcassets */; };
		E5A8C50F2B6E3AE6002308AB /* LaunchScreen.storyboard in Resources */ = {isa = PBXBuildFile; fileRef = E5A8C50D2B6E3AE6002308AB /* LaunchScreen.storyboard */; };
		E5FF32EA2BA479C600C02C05 /* Roboto-Medium.ttf in Resources */ = {isa = PBXBuildFile; fileRef = E5FF32DD2BA479C600C02C05 /* Roboto-Medium.ttf */; };
		E5FF32EB2BA479C600C02C05 /* Roboto-Light.ttf in Resources */ = {isa = PBXBuildFile; fileRef = E5FF32DE2BA479C600C02C05 /* Roboto-Light.ttf */; };
		E5FF32EC2BA479C600C02C05 /* Roboto-Regular.ttf in Resources */ = {isa = PBXBuildFile; fileRef = E5FF32DF2BA479C600C02C05 /* Roboto-Regular.ttf */; };
		E5FF32ED2BA479C600C02C05 /* Roboto-MediumItalic.ttf in Resources */ = {isa = PBXBuildFile; fileRef = E5FF32E02BA479C600C02C05 /* Roboto-MediumItalic.ttf */; };
		E5FF32EE2BA479C600C02C05 /* Roboto-ThinItalic.ttf in Resources */ = {isa = PBXBuildFile; fileRef = E5FF32E12BA479C600C02C05 /* Roboto-ThinItalic.ttf */; };
		E5FF32EF2BA479C600C02C05 /* Roboto-BoldItalic.ttf in Resources */ = {isa = PBXBuildFile; fileRef = E5FF32E22BA479C600C02C05 /* Roboto-BoldItalic.ttf */; };
		E5FF32F02BA479C600C02C05 /* Roboto-LightItalic.ttf in Resources */ = {isa = PBXBuildFile; fileRef = E5FF32E32BA479C600C02C05 /* Roboto-LightItalic.ttf */; };
		E5FF32F12BA479C600C02C05 /* Roboto-Italic.ttf in Resources */ = {isa = PBXBuildFile; fileRef = E5FF32E42BA479C600C02C05 /* Roboto-Italic.ttf */; };
		E5FF32F22BA479C600C02C05 /* LICENSE.txt in Resources */ = {isa = PBXBuildFile; fileRef = E5FF32E52BA479C600C02C05 /* LICENSE.txt */; };
		E5FF32F32BA479C600C02C05 /* Roboto-BlackItalic.ttf in Resources */ = {isa = PBXBuildFile; fileRef = E5FF32E62BA479C600C02C05 /* Roboto-BlackItalic.ttf */; };
		E5FF32F42BA479C600C02C05 /* Roboto-Bold.ttf in Resources */ = {isa = PBXBuildFile; fileRef = E5FF32E72BA479C600C02C05 /* Roboto-Bold.ttf */; };
		E5FF32F52BA479C600C02C05 /* Roboto-Thin.ttf in Resources */ = {isa = PBXBuildFile; fileRef = E5FF32E82BA479C600C02C05 /* Roboto-Thin.ttf */; };
		E5FF32F62BA479C600C02C05 /* Roboto-Black.ttf in Resources */ = {isa = PBXBuildFile; fileRef = E5FF32E92BA479C600C02C05 /* Roboto-Black.ttf */; };
		E5FF32F92BA47E4900C02C05 /* UIFont+Extension.swift in Sources */ = {isa = PBXBuildFile; fileRef = E5FF32F82BA47E4900C02C05 /* UIFont+Extension.swift */; };
/* End PBXBuildFile section */

/* Begin PBXFileReference section */
		E539C1BA2BA5B8A100086ACE /* UIColor+Extension.swift */ = {isa = PBXFileReference; lastKnownFileType = sourcecode.swift; path = "UIColor+Extension.swift"; sourceTree = "<group>"; };
		E539C1BC2BA5B9DB00086ACE /* AppColors.swift */ = {isa = PBXFileReference; lastKnownFileType = sourcecode.swift; path = AppColors.swift; sourceTree = "<group>"; };
		E539C1C12BA5CDB100086ACE /* Coordinator .swift */ = {isa = PBXFileReference; lastKnownFileType = sourcecode.swift; path = "Coordinator .swift"; sourceTree = "<group>"; };
		E539C1C32BA5DDE900086ACE /* AppCoordinator.swift */ = {isa = PBXFileReference; lastKnownFileType = sourcecode.swift; path = AppCoordinator.swift; sourceTree = "<group>"; };
		E539C1C52BA5DE9300086ACE /* OnboardingCoordinator.swift */ = {isa = PBXFileReference; lastKnownFileType = sourcecode.swift; path = OnboardingCoordinator.swift; sourceTree = "<group>"; };
		E539C1C72BA5E1F600086ACE /* HomeCoordinator.swift */ = {isa = PBXFileReference; lastKnownFileType = sourcecode.swift; path = HomeCoordinator.swift; sourceTree = "<group>"; };
		E539C1C92BA5E23E00086ACE /* OrderCoordinator.swift */ = {isa = PBXFileReference; lastKnownFileType = sourcecode.swift; path = OrderCoordinator.swift; sourceTree = "<group>"; };
		E539C1CB2BA5E29A00086ACE /* ListCoordinator.swift */ = {isa = PBXFileReference; lastKnownFileType = sourcecode.swift; path = ListCoordinator.swift; sourceTree = "<group>"; };
		E539C1CD2BA5E2CA00086ACE /* ProfileCoordinator.swift */ = {isa = PBXFileReference; lastKnownFileType = sourcecode.swift; path = ProfileCoordinator.swift; sourceTree = "<group>"; };
		E539C1CF2BA5E2F600086ACE /* TabBarController.swift */ = {isa = PBXFileReference; lastKnownFileType = sourcecode.swift; path = TabBarController.swift; sourceTree = "<group>"; };
		E5A8C4FF2B6E3AE5002308AB /* food delivery.app */ = {isa = PBXFileReference; explicitFileType = wrapper.application; includeInIndex = 0; path = "food delivery.app"; sourceTree = BUILT_PRODUCTS_DIR; };
		E5A8C5022B6E3AE5002308AB /* AppDelegate.swift */ = {isa = PBXFileReference; lastKnownFileType = sourcecode.swift; path = AppDelegate.swift; sourceTree = "<group>"; };
		E5A8C5042B6E3AE5002308AB /* SceneDelegate.swift */ = {isa = PBXFileReference; lastKnownFileType = sourcecode.swift; path = SceneDelegate.swift; sourceTree = "<group>"; };
		E5A8C5062B6E3AE5002308AB /* ViewController.swift */ = {isa = PBXFileReference; lastKnownFileType = sourcecode.swift; path = ViewController.swift; sourceTree = "<group>"; };
		E5A8C50B2B6E3AE6002308AB /* Assets.xcassets */ = {isa = PBXFileReference; lastKnownFileType = folder.assetcatalog; path = Assets.xcassets; sourceTree = "<group>"; };
		E5A8C50E2B6E3AE6002308AB /* Base */ = {isa = PBXFileReference; lastKnownFileType = file.storyboard; name = Base; path = Base.lproj/LaunchScreen.storyboard; sourceTree = "<group>"; };
		E5A8C5102B6E3AE6002308AB /* Info.plist */ = {isa = PBXFileReference; lastKnownFileType = text.plist.xml; path = Info.plist; sourceTree = "<group>"; };
		E5FF32DD2BA479C600C02C05 /* Roboto-Medium.ttf */ = {isa = PBXFileReference; lastKnownFileType = file; path = "Roboto-Medium.ttf"; sourceTree = "<group>"; };
		E5FF32DE2BA479C600C02C05 /* Roboto-Light.ttf */ = {isa = PBXFileReference; lastKnownFileType = file; path = "Roboto-Light.ttf"; sourceTree = "<group>"; };
		E5FF32DF2BA479C600C02C05 /* Roboto-Regular.ttf */ = {isa = PBXFileReference; lastKnownFileType = file; path = "Roboto-Regular.ttf"; sourceTree = "<group>"; };
		E5FF32E02BA479C600C02C05 /* Roboto-MediumItalic.ttf */ = {isa = PBXFileReference; lastKnownFileType = file; path = "Roboto-MediumItalic.ttf"; sourceTree = "<group>"; };
		E5FF32E12BA479C600C02C05 /* Roboto-ThinItalic.ttf */ = {isa = PBXFileReference; lastKnownFileType = file; path = "Roboto-ThinItalic.ttf"; sourceTree = "<group>"; };
		E5FF32E22BA479C600C02C05 /* Roboto-BoldItalic.ttf */ = {isa = PBXFileReference; lastKnownFileType = file; path = "Roboto-BoldItalic.ttf"; sourceTree = "<group>"; };
		E5FF32E32BA479C600C02C05 /* Roboto-LightItalic.ttf */ = {isa = PBXFileReference; lastKnownFileType = file; path = "Roboto-LightItalic.ttf"; sourceTree = "<group>"; };
		E5FF32E42BA479C600C02C05 /* Roboto-Italic.ttf */ = {isa = PBXFileReference; lastKnownFileType = file; path = "Roboto-Italic.ttf"; sourceTree = "<group>"; };
		E5FF32E52BA479C600C02C05 /* LICENSE.txt */ = {isa = PBXFileReference; fileEncoding = 4; lastKnownFileType = text; path = LICENSE.txt; sourceTree = "<group>"; };
		E5FF32E62BA479C600C02C05 /* Roboto-BlackItalic.ttf */ = {isa = PBXFileReference; lastKnownFileType = file; path = "Roboto-BlackItalic.ttf"; sourceTree = "<group>"; };
		E5FF32E72BA479C600C02C05 /* Roboto-Bold.ttf */ = {isa = PBXFileReference; lastKnownFileType = file; path = "Roboto-Bold.ttf"; sourceTree = "<group>"; };
		E5FF32E82BA479C600C02C05 /* Roboto-Thin.ttf */ = {isa = PBXFileReference; lastKnownFileType = file; path = "Roboto-Thin.ttf"; sourceTree = "<group>"; };
		E5FF32E92BA479C600C02C05 /* Roboto-Black.ttf */ = {isa = PBXFileReference; lastKnownFileType = file; path = "Roboto-Black.ttf"; sourceTree = "<group>"; };
		E5FF32F82BA47E4900C02C05 /* UIFont+Extension.swift */ = {isa = PBXFileReference; lastKnownFileType = sourcecode.swift; path = "UIFont+Extension.swift"; sourceTree = "<group>"; };
/* End PBXFileReference section */

/* Begin PBXFrameworksBuildPhase section */
		E5A8C4FC2B6E3AE5002308AB /* Frameworks */ = {
			isa = PBXFrameworksBuildPhase;
			buildActionMask = 2147483647;
			files = (
			);
			runOnlyForDeploymentPostprocessing = 0;
		};
/* End PBXFrameworksBuildPhase section */

/* Begin PBXGroup section */
		E539C1BE2BA5CD6400086ACE /* NavigationLayer */ = {
			isa = PBXGroup;
			children = (
				E539C1C02BA5CD9300086ACE /* Coordinators */,
				E539C1BF2BA5CD8700086ACE /* Controllers */,
			);
			path = NavigationLayer;
			sourceTree = "<group>";
		};
		E539C1BF2BA5CD8700086ACE /* Controllers */ = {
			isa = PBXGroup;
			children = (
				E539C1CF2BA5E2F600086ACE /* TabBarController.swift */,
			);
			path = Controllers;
			sourceTree = "<group>";
		};
		E539C1C02BA5CD9300086ACE /* Coordinators */ = {
			isa = PBXGroup;
			children = (
				E539C1C12BA5CDB100086ACE /* Coordinator .swift */,
				E539C1C32BA5DDE900086ACE /* AppCoordinator.swift */,
				E539C1C52BA5DE9300086ACE /* OnboardingCoordinator.swift */,
				E539C1C72BA5E1F600086ACE /* HomeCoordinator.swift */,
				E539C1C92BA5E23E00086ACE /* OrderCoordinator.swift */,
				E539C1CB2BA5E29A00086ACE /* ListCoordinator.swift */,
				E539C1CD2BA5E2CA00086ACE /* ProfileCoordinator.swift */,
			);
			path = Coordinators;
			sourceTree = "<group>";
		};
		E5A8C4F62B6E3AE5002308AB = {
			isa = PBXGroup;
			children = (
				E5A8C5012B6E3AE5002308AB /* food delivery */,
				E5A8C5002B6E3AE5002308AB /* Products */,
			);
			sourceTree = "<group>";
		};
		E5A8C5002B6E3AE5002308AB /* Products */ = {
			isa = PBXGroup;
			children = (
				E5A8C4FF2B6E3AE5002308AB /* food delivery.app */,
			);
			name = Products;
			sourceTree = "<group>";
		};
		E5A8C5012B6E3AE5002308AB /* food delivery */ = {
			isa = PBXGroup;
			children = (
				E5FF32DA2BA4798E00C02C05 /* Resources */,
				E5A8C5022B6E3AE5002308AB /* AppDelegate.swift */,
				E5A8C5042B6E3AE5002308AB /* SceneDelegate.swift */,
				E5A8C5062B6E3AE5002308AB /* ViewController.swift */,
				E5A8C50B2B6E3AE6002308AB /* Assets.xcassets */,
				E5A8C50D2B6E3AE6002308AB /* LaunchScreen.storyboard */,
				E5A8C5102B6E3AE6002308AB /* Info.plist */,
			);
			path = "food delivery";
			sourceTree = "<group>";
		};
		E5FF32DA2BA4798E00C02C05 /* Resources */ = {
			isa = PBXGroup;
			children = (
				E539C1BE2BA5CD6400086ACE /* NavigationLayer */,
				E5FF32F72BA47E2200C02C05 /* Extensions */,
				E5FF32DB2BA4799800C02C05 /* Fonts */,
				E539C1BC2BA5B9DB00086ACE /* AppColors.swift */,
			);
			path = Resources;
			sourceTree = "<group>";
		};
		E5FF32DB2BA4799800C02C05 /* Fonts */ = {
			isa = PBXGroup;
			children = (
				E5FF32DC2BA479C600C02C05 /* Roboto */,
			);
			path = Fonts;
			sourceTree = "<group>";
		};
		E5FF32DC2BA479C600C02C05 /* Roboto */ = {
			isa = PBXGroup;
			children = (
				E5FF32DD2BA479C600C02C05 /* Roboto-Medium.ttf */,
				E5FF32DE2BA479C600C02C05 /* Roboto-Light.ttf */,
				E5FF32DF2BA479C600C02C05 /* Roboto-Regular.ttf */,
				E5FF32E02BA479C600C02C05 /* Roboto-MediumItalic.ttf */,
				E5FF32E12BA479C600C02C05 /* Roboto-ThinItalic.ttf */,
				E5FF32E22BA479C600C02C05 /* Roboto-BoldItalic.ttf */,
				E5FF32E32BA479C600C02C05 /* Roboto-LightItalic.ttf */,
				E5FF32E42BA479C600C02C05 /* Roboto-Italic.ttf */,
				E5FF32E52BA479C600C02C05 /* LICENSE.txt */,
				E5FF32E62BA479C600C02C05 /* Roboto-BlackItalic.ttf */,
				E5FF32E72BA479C600C02C05 /* Roboto-Bold.ttf */,
				E5FF32E82BA479C600C02C05 /* Roboto-Thin.ttf */,
				E5FF32E92BA479C600C02C05 /* Roboto-Black.ttf */,
			);
			path = Roboto;
			sourceTree = "<group>";
		};
		E5FF32F72BA47E2200C02C05 /* Extensions */ = {
			isa = PBXGroup;
			children = (
				E5FF32F82BA47E4900C02C05 /* UIFont+Extension.swift */,
				E539C1BA2BA5B8A100086ACE /* UIColor+Extension.swift */,
			);
			path = Extensions;
			sourceTree = "<group>";
		};
/* End PBXGroup section */

/* Begin PBXNativeTarget section */
		E5A8C4FE2B6E3AE5002308AB /* food delivery */ = {
			isa = PBXNativeTarget;
			buildConfigurationList = E5A8C5132B6E3AE6002308AB /* Build configuration list for PBXNativeTarget "food delivery" */;
			buildPhases = (
				E5A8C4FB2B6E3AE5002308AB /* Sources */,
				E5A8C4FC2B6E3AE5002308AB /* Frameworks */,
				E5A8C4FD2B6E3AE5002308AB /* Resources */,
			);
			buildRules = (
			);
			dependencies = (
			);
			name = "food delivery";
			productName = "food delivery";
			productReference = E5A8C4FF2B6E3AE5002308AB /* food delivery.app */;
			productType = "com.apple.product-type.application";
		};
/* End PBXNativeTarget section */

/* Begin PBXProject section */
		E5A8C4F72B6E3AE5002308AB /* Project object */ = {
			isa = PBXProject;
			attributes = {
				BuildIndependentTargetsInParallel = 1;
				LastSwiftUpdateCheck = 1400;
				LastUpgradeCheck = 1400;
				TargetAttributes = {
					E5A8C4FE2B6E3AE5002308AB = {
						CreatedOnToolsVersion = 14.0.1;
					};
				};
			};
			buildConfigurationList = E5A8C4FA2B6E3AE5002308AB /* Build configuration list for PBXProject "food delivery" */;
			compatibilityVersion = "Xcode 14.0";
			developmentRegion = en;
			hasScannedForEncodings = 0;
			knownRegions = (
				en,
				Base,
			);
			mainGroup = E5A8C4F62B6E3AE5002308AB;
			productRefGroup = E5A8C5002B6E3AE5002308AB /* Products */;
			projectDirPath = "";
			projectRoot = "";
			targets = (
				E5A8C4FE2B6E3AE5002308AB /* food delivery */,
			);
		};
/* End PBXProject section */

/* Begin PBXResourcesBuildPhase section */
		E5A8C4FD2B6E3AE5002308AB /* Resources */ = {
			isa = PBXResourcesBuildPhase;
			buildActionMask = 2147483647;
			files = (
				E5FF32F52BA479C600C02C05 /* Roboto-Thin.ttf in Resources */,
				E5FF32F22BA479C600C02C05 /* LICENSE.txt in Resources */,
				E5FF32F62BA479C600C02C05 /* Roboto-Black.ttf in Resources */,
				E5FF32F42BA479C600C02C05 /* Roboto-Bold.ttf in Resources */,
				E5A8C50F2B6E3AE6002308AB /* LaunchScreen.storyboard in Resources */,
				E5A8C50C2B6E3AE6002308AB /* Assets.xcassets in Resources */,
				E5FF32EF2BA479C600C02C05 /* Roboto-BoldItalic.ttf in Resources */,
				E5FF32EC2BA479C600C02C05 /* Roboto-Regular.ttf in Resources */,
				E5FF32EE2BA479C600C02C05 /* Roboto-ThinItalic.ttf in Resources */,
				E5FF32F02BA479C600C02C05 /* Roboto-LightItalic.ttf in Resources */,
				E5FF32F32BA479C600C02C05 /* Roboto-BlackItalic.ttf in Resources */,
				E5FF32EB2BA479C600C02C05 /* Roboto-Light.ttf in Resources */,
				E5FF32F12BA479C600C02C05 /* Roboto-Italic.ttf in Resources */,
				E5FF32ED2BA479C600C02C05 /* Roboto-MediumItalic.ttf in Resources */,
				E5FF32EA2BA479C600C02C05 /* Roboto-Medium.ttf in Resources */,
			);
			runOnlyForDeploymentPostprocessing = 0;
		};
/* End PBXResourcesBuildPhase section */

/* Begin PBXSourcesBuildPhase section */
		E5A8C4FB2B6E3AE5002308AB /* Sources */ = {
			isa = PBXSourcesBuildPhase;
			buildActionMask = 2147483647;
			files = (
				E5A8C5072B6E3AE5002308AB /* ViewController.swift in Sources */,
				E5A8C5032B6E3AE5002308AB /* AppDelegate.swift in Sources */,
				E5FF32F92BA47E4900C02C05 /* UIFont+Extension.swift in Sources */,
				E539C1BD2BA5B9DB00086ACE /* AppColors.swift in Sources */,
				E539C1C62BA5DE9300086ACE /* OnboardingCoordinator.swift in Sources */,
				E539C1C42BA5DDEA00086ACE /* AppCoordinator.swift in Sources */,
				E539C1CA2BA5E23E00086ACE /* OrderCoordinator.swift in Sources */,
				E5A8C5052B6E3AE5002308AB /* SceneDelegate.swift in Sources */,
				E539C1CE2BA5E2CA00086ACE /* ProfileCoordinator.swift in Sources */,
				E539C1CC2BA5E29A00086ACE /* ListCoordinator.swift in Sources */,
				E539C1C82BA5E1F600086ACE /* HomeCoordinator.swift in Sources */,
				E539C1D02BA5E2F600086ACE /* TabBarController.swift in Sources */,
				E539C1C22BA5CDB100086ACE /* Coordinator .swift in Sources */,
				E539C1BB2BA5B8A100086ACE /* UIColor+Extension.swift in Sources */,
			);
			runOnlyForDeploymentPostprocessing = 0;
		};
/* End PBXSourcesBuildPhase section */

/* Begin PBXVariantGroup section */
		E5A8C50D2B6E3AE6002308AB /* LaunchScreen.storyboard */ = {
			isa = PBXVariantGroup;
			children = (
				E5A8C50E2B6E3AE6002308AB /* Base */,
			);
			name = LaunchScreen.storyboard;
			sourceTree = "<group>";
		};
/* End PBXVariantGroup section */

/* Begin XCBuildConfiguration section */
		E5A8C5112B6E3AE6002308AB /* Debug */ = {
			isa = XCBuildConfiguration;
			buildSettings = {
				ALWAYS_SEARCH_USER_PATHS = NO;
				CLANG_ANALYZER_NONNULL = YES;
				CLANG_ANALYZER_NUMBER_OBJECT_CONVERSION = YES_AGGRESSIVE;
				CLANG_CXX_LANGUAGE_STANDARD = "gnu++20";
				CLANG_ENABLE_MODULES = YES;
				CLANG_ENABLE_OBJC_ARC = YES;
				CLANG_ENABLE_OBJC_WEAK = YES;
				CLANG_WARN_BLOCK_CAPTURE_AUTORELEASING = YES;
				CLANG_WARN_BOOL_CONVERSION = YES;
				CLANG_WARN_COMMA = YES;
				CLANG_WARN_CONSTANT_CONVERSION = YES;
				CLANG_WARN_DEPRECATED_OBJC_IMPLEMENTATIONS = YES;
				CLANG_WARN_DIRECT_OBJC_ISA_USAGE = YES_ERROR;
				CLANG_WARN_DOCUMENTATION_COMMENTS = YES;
				CLANG_WARN_EMPTY_BODY = YES;
				CLANG_WARN_ENUM_CONVERSION = YES;
				CLANG_WARN_INFINITE_RECURSION = YES;
				CLANG_WARN_INT_CONVERSION = YES;
				CLANG_WARN_NON_LITERAL_NULL_CONVERSION = YES;
				CLANG_WARN_OBJC_IMPLICIT_RETAIN_SELF = YES;
				CLANG_WARN_OBJC_LITERAL_CONVERSION = YES;
				CLANG_WARN_OBJC_ROOT_CLASS = YES_ERROR;
				CLANG_WARN_QUOTED_INCLUDE_IN_FRAMEWORK_HEADER = YES;
				CLANG_WARN_RANGE_LOOP_ANALYSIS = YES;
				CLANG_WARN_STRICT_PROTOTYPES = YES;
				CLANG_WARN_SUSPICIOUS_MOVE = YES;
				CLANG_WARN_UNGUARDED_AVAILABILITY = YES_AGGRESSIVE;
				CLANG_WARN_UNREACHABLE_CODE = YES;
				CLANG_WARN__DUPLICATE_METHOD_MATCH = YES;
				COPY_PHASE_STRIP = NO;
				DEBUG_INFORMATION_FORMAT = dwarf;
				ENABLE_STRICT_OBJC_MSGSEND = YES;
				ENABLE_TESTABILITY = YES;
				GCC_C_LANGUAGE_STANDARD = gnu11;
				GCC_DYNAMIC_NO_PIC = NO;
				GCC_NO_COMMON_BLOCKS = YES;
				GCC_OPTIMIZATION_LEVEL = 0;
				GCC_PREPROCESSOR_DEFINITIONS = (
					"DEBUG=1",
					"$(inherited)",
				);
				GCC_WARN_64_TO_32_BIT_CONVERSION = YES;
				GCC_WARN_ABOUT_RETURN_TYPE = YES_ERROR;
				GCC_WARN_UNDECLARED_SELECTOR = YES;
				GCC_WARN_UNINITIALIZED_AUTOS = YES_AGGRESSIVE;
				GCC_WARN_UNUSED_FUNCTION = YES;
				GCC_WARN_UNUSED_VARIABLE = YES;
				IPHONEOS_DEPLOYMENT_TARGET = 16.0;
				MTL_ENABLE_DEBUG_INFO = INCLUDE_SOURCE;
				MTL_FAST_MATH = YES;
				ONLY_ACTIVE_ARCH = YES;
				SDKROOT = iphoneos;
				SWIFT_ACTIVE_COMPILATION_CONDITIONS = DEBUG;
				SWIFT_OPTIMIZATION_LEVEL = "-Onone";
			};
			name = Debug;
		};
		E5A8C5122B6E3AE6002308AB /* Release */ = {
			isa = XCBuildConfiguration;
			buildSettings = {
				ALWAYS_SEARCH_USER_PATHS = NO;
				CLANG_ANALYZER_NONNULL = YES;
				CLANG_ANALYZER_NUMBER_OBJECT_CONVERSION = YES_AGGRESSIVE;
				CLANG_CXX_LANGUAGE_STANDARD = "gnu++20";
				CLANG_ENABLE_MODULES = YES;
				CLANG_ENABLE_OBJC_ARC = YES;
				CLANG_ENABLE_OBJC_WEAK = YES;
				CLANG_WARN_BLOCK_CAPTURE_AUTORELEASING = YES;
				CLANG_WARN_BOOL_CONVERSION = YES;
				CLANG_WARN_COMMA = YES;
				CLANG_WARN_CONSTANT_CONVERSION = YES;
				CLANG_WARN_DEPRECATED_OBJC_IMPLEMENTATIONS = YES;
				CLANG_WARN_DIRECT_OBJC_ISA_USAGE = YES_ERROR;
				CLANG_WARN_DOCUMENTATION_COMMENTS = YES;
				CLANG_WARN_EMPTY_BODY = YES;
				CLANG_WARN_ENUM_CONVERSION = YES;
				CLANG_WARN_INFINITE_RECURSION = YES;
				CLANG_WARN_INT_CONVERSION = YES;
				CLANG_WARN_NON_LITERAL_NULL_CONVERSION = YES;
				CLANG_WARN_OBJC_IMPLICIT_RETAIN_SELF = YES;
				CLANG_WARN_OBJC_LITERAL_CONVERSION = YES;
				CLANG_WARN_OBJC_ROOT_CLASS = YES_ERROR;
				CLANG_WARN_QUOTED_INCLUDE_IN_FRAMEWORK_HEADER = YES;
				CLANG_WARN_RANGE_LOOP_ANALYSIS = YES;
				CLANG_WARN_STRICT_PROTOTYPES = YES;
				CLANG_WARN_SUSPICIOUS_MOVE = YES;
				CLANG_WARN_UNGUARDED_AVAILABILITY = YES_AGGRESSIVE;
				CLANG_WARN_UNREACHABLE_CODE = YES;
				CLANG_WARN__DUPLICATE_METHOD_MATCH = YES;
				COPY_PHASE_STRIP = NO;
				DEBUG_INFORMATION_FORMAT = "dwarf-with-dsym";
				ENABLE_NS_ASSERTIONS = NO;
				ENABLE_STRICT_OBJC_MSGSEND = YES;
				GCC_C_LANGUAGE_STANDARD = gnu11;
				GCC_NO_COMMON_BLOCKS = YES;
				GCC_WARN_64_TO_32_BIT_CONVERSION = YES;
				GCC_WARN_ABOUT_RETURN_TYPE = YES_ERROR;
				GCC_WARN_UNDECLARED_SELECTOR = YES;
				GCC_WARN_UNINITIALIZED_AUTOS = YES_AGGRESSIVE;
				GCC_WARN_UNUSED_FUNCTION = YES;
				GCC_WARN_UNUSED_VARIABLE = YES;
				IPHONEOS_DEPLOYMENT_TARGET = 16.0;
				MTL_ENABLE_DEBUG_INFO = NO;
				MTL_FAST_MATH = YES;
				SDKROOT = iphoneos;
				SWIFT_COMPILATION_MODE = wholemodule;
				SWIFT_OPTIMIZATION_LEVEL = "-O";
				VALIDATE_PRODUCT = YES;
			};
			name = Release;
		};
		E5A8C5142B6E3AE6002308AB /* Debug */ = {
			isa = XCBuildConfiguration;
			buildSettings = {
				ASSETCATALOG_COMPILER_APPICON_NAME = AppIcon;
				ASSETCATALOG_COMPILER_GLOBAL_ACCENT_COLOR_NAME = AccentColor;
				CODE_SIGN_STYLE = Automatic;
				CURRENT_PROJECT_VERSION = 1;
				DEVELOPMENT_TEAM = DWL5A95D8B;
				GENERATE_INFOPLIST_FILE = YES;
				INFOPLIST_FILE = "food delivery/Info.plist";
				INFOPLIST_KEY_UIApplicationSupportsIndirectInputEvents = YES;
				INFOPLIST_KEY_UILaunchStoryboardName = LaunchScreen;
				INFOPLIST_KEY_UISupportedInterfaceOrientations_iPad = "UIInterfaceOrientationPortrait UIInterfaceOrientationPortraitUpsideDown UIInterfaceOrientationLandscapeLeft UIInterfaceOrientationLandscapeRight";
				INFOPLIST_KEY_UISupportedInterfaceOrientations_iPhone = "UIInterfaceOrientationPortrait UIInterfaceOrientationLandscapeLeft UIInterfaceOrientationLandscapeRight";
				LD_RUNPATH_SEARCH_PATHS = (
					"$(inherited)",
					"@executable_path/Frameworks",
				);
				MARKETING_VERSION = 1.0;
				PRODUCT_BUNDLE_IDENTIFIER = "Azamat.food-delivery";
				PRODUCT_NAME = "$(TARGET_NAME)";
				SWIFT_EMIT_LOC_STRINGS = YES;
				SWIFT_VERSION = 5.0;
				TARGETED_DEVICE_FAMILY = "1,2";
			};
			name = Debug;
		};
		E5A8C5152B6E3AE6002308AB /* Release */ = {
			isa = XCBuildConfiguration;
			buildSettings = {
				ASSETCATALOG_COMPILER_APPICON_NAME = AppIcon;
				ASSETCATALOG_COMPILER_GLOBAL_ACCENT_COLOR_NAME = AccentColor;
				CODE_SIGN_STYLE = Automatic;
				CURRENT_PROJECT_VERSION = 1;
				DEVELOPMENT_TEAM = DWL5A95D8B;
				GENERATE_INFOPLIST_FILE = YES;
				INFOPLIST_FILE = "food delivery/Info.plist";
				INFOPLIST_KEY_UIApplicationSupportsIndirectInputEvents = YES;
				INFOPLIST_KEY_UILaunchStoryboardName = LaunchScreen;
				INFOPLIST_KEY_UISupportedInterfaceOrientations_iPad = "UIInterfaceOrientationPortrait UIInterfaceOrientationPortraitUpsideDown UIInterfaceOrientationLandscapeLeft UIInterfaceOrientationLandscapeRight";
				INFOPLIST_KEY_UISupportedInterfaceOrientations_iPhone = "UIInterfaceOrientationPortrait UIInterfaceOrientationLandscapeLeft UIInterfaceOrientationLandscapeRight";
				LD_RUNPATH_SEARCH_PATHS = (
					"$(inherited)",
					"@executable_path/Frameworks",
				);
				MARKETING_VERSION = 1.0;
				PRODUCT_BUNDLE_IDENTIFIER = "Azamat.food-delivery";
				PRODUCT_NAME = "$(TARGET_NAME)";
				SWIFT_EMIT_LOC_STRINGS = YES;
				SWIFT_VERSION = 5.0;
				TARGETED_DEVICE_FAMILY = "1,2";
			};
			name = Release;
		};
/* End XCBuildConfiguration section */

/* Begin XCConfigurationList section */
		E5A8C4FA2B6E3AE5002308AB /* Build configuration list for PBXProject "food delivery" */ = {
			isa = XCConfigurationList;
			buildConfigurations = (
				E5A8C5112B6E3AE6002308AB /* Debug */,
				E5A8C5122B6E3AE6002308AB /* Release */,
			);
			defaultConfigurationIsVisible = 0;
			defaultConfigurationName = Release;
		};
		E5A8C5132B6E3AE6002308AB /* Build configuration list for PBXNativeTarget "food delivery" */ = {
			isa = XCConfigurationList;
			buildConfigurations = (
				E5A8C5142B6E3AE6002308AB /* Debug */,
				E5A8C5152B6E3AE6002308AB /* Release */,
			);
			defaultConfigurationIsVisible = 0;
			defaultConfigurationName = Release;
		};
/* End XCConfigurationList section */
	};
	rootObject = E5A8C4F72B6E3AE5002308AB /* Project object */;
}
